
Microsoft Visual Studio Solution File, Format Version 12.00
# Visual Studio Version 17
VisualStudioVersion = 17.8.34316.72
MinimumVisualStudioVersion = 10.0.40219.1
Project("{FAE04EC0-301F-11D3-BF4B-00C04F79EFBC}") = "XRPL.FoundationDataApi", "XRPL.FoundationDataApi\XRPL.FoundationDataApi.csproj", "{64AFC43A-86C7-40D9-83C8-EEECB700D304}"
EndProject
Project("{FAE04EC0-301F-11D3-BF4B-00C04F79EFBC}") = "Test.ClientConsole", "Test.ClientConsole\Test.ClientConsole.csproj", "{618D0D41-C59E-48D0-8D20-69F7DC642C19}"
EndProject
Global
	GlobalSection(SolutionConfigurationPlatforms) = preSolution
		Debug|Any CPU = Debug|Any CPU
		Release|Any CPU = Release|Any CPU
	EndGlobalSection
	GlobalSection(ProjectConfigurationPlatforms) = postSolution
		{64AFC43A-86C7-40D9-83C8-EEECB700D304}.Debug|Any CPU.ActiveCfg = Debug|Any CPU
		{64AFC43A-86C7-40D9-83C8-EEECB700D304}.Debug|Any CPU.Build.0 = Debug|Any CPU
		{64AFC43A-86C7-40D9-83C8-EEECB700D304}.Release|Any CPU.ActiveCfg = Release|Any CPU
		{64AFC43A-86C7-40D9-83C8-EEECB700D304}.Release|Any CPU.Build.0 = Release|Any CPU
		{618D0D41-C59E-48D0-8D20-69F7DC642C19}.Debug|Any CPU.ActiveCfg = Debug|Any CPU
		{618D0D41-C59E-48D0-8D20-69F7DC642C19}.Debug|Any CPU.Build.0 = Debug|Any CPU
		{618D0D41-C59E-48D0-8D20-69F7DC642C19}.Release|Any CPU.ActiveCfg = Release|Any CPU
		{618D0D41-C59E-48D0-8D20-69F7DC642C19}.Release|Any CPU.Build.0 = Release|Any CPU
	EndGlobalSection
	GlobalSection(SolutionProperties) = preSolution
		HideSolutionNode = FALSE
	EndGlobalSection
	GlobalSection(ExtensibilityGlobals) = postSolution
		SolutionGuid = {B97E65F5-8889-4BE3-B0E0-150FB344DA54}
	EndGlobalSection
EndGlobal
